
Microsoft Visual Studio Solution File, Format Version 12.00
# Visual Studio Version 16
VisualStudioVersion = 16.0.32002.261
MinimumVisualStudioVersion = 10.0.40219.1
Project("{FAE04EC0-301F-11D3-BF4B-00C04F79EFBC}") = "Project_Mars", "Project_Mars.csproj", "{501AFEE4-B4F6-4582-AFAC-7FFC63618029}"
EndProject
Global
	GlobalSection(SolutionConfigurationPlatforms) = preSolution
		Debug|Any CPU = Debug|Any CPU
		Release|Any CPU = Release|Any CPU
	EndGlobalSection
	GlobalSection(ProjectConfigurationPlatforms) = postSolution
		{501AFEE4-B4F6-4582-AFAC-7FFC63618029}.Debug|Any CPU.ActiveCfg = Debug|Any CPU
		{501AFEE4-B4F6-4582-AFAC-7FFC63618029}.Debug|Any CPU.Build.0 = Debug|Any CPU
		{501AFEE4-B4F6-4582-AFAC-7FFC63618029}.Release|Any CPU.ActiveCfg = Release|Any CPU
		{501AFEE4-B4F6-4582-AFAC-7FFC63618029}.Release|Any CPU.Build.0 = Release|Any CPU
	EndGlobalSection
	GlobalSection(SolutionProperties) = preSolution
		HideSolutionNode = FALSE
	EndGlobalSection
	GlobalSection(ExtensibilityGlobals) = postSolution
		SolutionGuid = {87EFD21F-A030-45AA-AF78-9A52C9653D95}
	EndGlobalSection
EndGlobal
